
Microsoft Visual Studio Solution File, Format Version 12.00
# Visual Studio Version 16
VisualStudioVersion = 16.0.28711.60
MinimumVisualStudioVersion = 10.0.40219.1
Project("{9A19103F-16F7-4668-BE54-9A1E7A4F7556}") = "MyProjectName.Common", "MyProjectName.Common\MyProjectName.Common.csproj", "{53D956E8-1207-401B-923A-AAF10C7B8E6D}"
EndProject
Project("{9A19103F-16F7-4668-BE54-9A1E7A4F7556}") = "MyProjectName.Blazor", "MyProjectName.Blazor\MyProjectName.Blazor.csproj", "{EA0FC1FE-54E3-4C0F-B730-2AE09888F421}"
EndProject
Project("{9A19103F-16F7-4668-BE54-9A1E7A4F7556}") = "MyProjectName", "MyProjectName\MyProjectName.csproj", "{D14EA409-49BE-4F50-9132-71B6C761021D}"
	ProjectSection(ProjectDependencies) = postProject
		{EA0FC1FE-54E3-4C0F-B730-2AE09888F421} = {EA0FC1FE-54E3-4C0F-B730-2AE09888F421}
	EndProjectSection
EndProject
Project("{FAE04EC0-301F-11D3-BF4B-00C04F79EFBC}") = "MyProjectName.Android", "MyProjectName.Android\MyProjectName.Android.csproj", "{5756A28D-CF95-4CB6-8679-F5B7BDBA2FAB}"
EndProject
Project("{FAE04EC0-301F-11D3-BF4B-00C04F79EFBC}") = "MyProjectName.iOS", "MyProjectName.iOS\MyProjectName.iOS.csproj", "{6F3CAB9E-004D-4275-AC31-9CAB4D9FFD09}"
EndProject
Project("{9A19103F-16F7-4668-BE54-9A1E7A4F7556}") = "MyProjectName.Blazor.Server", "MyProjectName.Blazor.Server\MyProjectName.Blazor.Server.csproj", "{E6219078-D656-44CA-AF61-07D060785E4B}"
EndProject
Project("{FAE04EC0-301F-11D3-BF4B-00C04F79EFBC}") = "MyProjectName.UWP", "MyProjectName.UWP\MyProjectName.UWP.csproj", "{423BFF76-F019-4986-A0E7-E0BFA043D375}"
EndProject
Project("{9A19103F-16F7-4668-BE54-9A1E7A4F7556}") = "MyProjectName.Desktop", "MyProjectName.Desktop\MyProjectName.Desktop.csproj", "{01466C03-DFA6-4BAC-B71F-EA088591EFD3}"
EndProject
Project("{9A19103F-16F7-4668-BE54-9A1E7A4F7556}") = "MyProjectName.AppPackage", "MyProjectName.AppPackage\MyProjectName.AppPackage.csproj", "{CCBB63A6-EEB8-4200-AD30-6D34F0448055}"
	ProjectSection(ProjectDependencies) = postProject
		{EA0FC1FE-54E3-4C0F-B730-2AE09888F421} = {EA0FC1FE-54E3-4C0F-B730-2AE09888F421}
	EndProjectSection
EndProject
Global
	GlobalSection(SolutionConfigurationPlatforms) = preSolution
		Ad-Hoc|Any CPU = Ad-Hoc|Any CPU
		Ad-Hoc|ARM = Ad-Hoc|ARM
		Ad-Hoc|iPhone = Ad-Hoc|iPhone
		Ad-Hoc|iPhoneSimulator = Ad-Hoc|iPhoneSimulator
		Ad-Hoc|x64 = Ad-Hoc|x64
		Ad-Hoc|x86 = Ad-Hoc|x86
		AppStore|Any CPU = AppStore|Any CPU
		AppStore|ARM = AppStore|ARM
		AppStore|iPhone = AppStore|iPhone
		AppStore|iPhoneSimulator = AppStore|iPhoneSimulator
		AppStore|x64 = AppStore|x64
		AppStore|x86 = AppStore|x86
		Debug|Any CPU = Debug|Any CPU
		Debug|ARM = Debug|ARM
		Debug|iPhone = Debug|iPhone
		Debug|iPhoneSimulator = Debug|iPhoneSimulator
		Debug|x64 = Debug|x64
		Debug|x86 = Debug|x86
		Release|Any CPU = Release|Any CPU
		Release|ARM = Release|ARM
		Release|iPhone = Release|iPhone
		Release|iPhoneSimulator = Release|iPhoneSimulator
		Release|x64 = Release|x64
		Release|x86 = Release|x86
	EndGlobalSection
	GlobalSection(ProjectConfigurationPlatforms) = postSolution
		{53D956E8-1207-401B-923A-AAF10C7B8E6D}.Ad-Hoc|Any CPU.ActiveCfg = Debug|Any CPU
		{53D956E8-1207-401B-923A-AAF10C7B8E6D}.Ad-Hoc|Any CPU.Build.0 = Debug|Any CPU
		{53D956E8-1207-401B-923A-AAF10C7B8E6D}.Ad-Hoc|ARM.ActiveCfg = Release|Any CPU
		{53D956E8-1207-401B-923A-AAF10C7B8E6D}.Ad-Hoc|ARM.Build.0 = Release|Any CPU
		{53D956E8-1207-401B-923A-AAF10C7B8E6D}.Ad-Hoc|iPhone.ActiveCfg = Debug|Any CPU
		{53D956E8-1207-401B-923A-AAF10C7B8E6D}.Ad-Hoc|iPhone.Build.0 = Debug|Any CPU
		{53D956E8-1207-401B-923A-AAF10C7B8E6D}.Ad-Hoc|iPhoneSimulator.ActiveCfg = Debug|Any CPU
		{53D956E8-1207-401B-923A-AAF10C7B8E6D}.Ad-Hoc|iPhoneSimulator.Build.0 = Debug|Any CPU
		{53D956E8-1207-401B-923A-AAF10C7B8E6D}.Ad-Hoc|x64.ActiveCfg = Release|Any CPU
		{53D956E8-1207-401B-923A-AAF10C7B8E6D}.Ad-Hoc|x64.Build.0 = Release|Any CPU
		{53D956E8-1207-401B-923A-AAF10C7B8E6D}.Ad-Hoc|x86.ActiveCfg = Release|Any CPU
		{53D956E8-1207-401B-923A-AAF10C7B8E6D}.Ad-Hoc|x86.Build.0 = Release|Any CPU
		{53D956E8-1207-401B-923A-AAF10C7B8E6D}.AppStore|Any CPU.ActiveCfg = Debug|Any CPU
		{53D956E8-1207-401B-923A-AAF10C7B8E6D}.AppStore|Any CPU.Build.0 = Debug|Any CPU
		{53D956E8-1207-401B-923A-AAF10C7B8E6D}.AppStore|ARM.ActiveCfg = Release|Any CPU
		{53D956E8-1207-401B-923A-AAF10C7B8E6D}.AppStore|ARM.Build.0 = Release|Any CPU
		{53D956E8-1207-401B-923A-AAF10C7B8E6D}.AppStore|iPhone.ActiveCfg = Debug|Any CPU
		{53D956E8-1207-401B-923A-AAF10C7B8E6D}.AppStore|iPhone.Build.0 = Debug|Any CPU
		{53D956E8-1207-401B-923A-AAF10C7B8E6D}.AppStore|iPhoneSimulator.ActiveCfg = Debug|Any CPU
		{53D956E8-1207-401B-923A-AAF10C7B8E6D}.AppStore|iPhoneSimulator.Build.0 = Debug|Any CPU
		{53D956E8-1207-401B-923A-AAF10C7B8E6D}.AppStore|x64.ActiveCfg = Release|Any CPU
		{53D956E8-1207-401B-923A-AAF10C7B8E6D}.AppStore|x64.Build.0 = Release|Any CPU
		{53D956E8-1207-401B-923A-AAF10C7B8E6D}.AppStore|x86.ActiveCfg = Release|Any CPU
		{53D956E8-1207-401B-923A-AAF10C7B8E6D}.AppStore|x86.Build.0 = Release|Any CPU
		{53D956E8-1207-401B-923A-AAF10C7B8E6D}.Debug|Any CPU.ActiveCfg = Debug|Any CPU
		{53D956E8-1207-401B-923A-AAF10C7B8E6D}.Debug|Any CPU.Build.0 = Debug|Any CPU
		{53D956E8-1207-401B-923A-AAF10C7B8E6D}.Debug|ARM.ActiveCfg = Debug|Any CPU
		{53D956E8-1207-401B-923A-AAF10C7B8E6D}.Debug|ARM.Build.0 = Debug|Any CPU
		{53D956E8-1207-401B-923A-AAF10C7B8E6D}.Debug|iPhone.ActiveCfg = Debug|Any CPU
		{53D956E8-1207-401B-923A-AAF10C7B8E6D}.Debug|iPhone.Build.0 = Debug|Any CPU
		{53D956E8-1207-401B-923A-AAF10C7B8E6D}.Debug|iPhoneSimulator.ActiveCfg = Debug|Any CPU
		{53D956E8-1207-401B-923A-AAF10C7B8E6D}.Debug|iPhoneSimulator.Build.0 = Debug|Any CPU
		{53D956E8-1207-401B-923A-AAF10C7B8E6D}.Debug|x64.ActiveCfg = Debug|Any CPU
		{53D956E8-1207-401B-923A-AAF10C7B8E6D}.Debug|x64.Build.0 = Debug|Any CPU
		{53D956E8-1207-401B-923A-AAF10C7B8E6D}.Debug|x86.ActiveCfg = Debug|Any CPU
		{53D956E8-1207-401B-923A-AAF10C7B8E6D}.Debug|x86.Build.0 = Debug|Any CPU
		{53D956E8-1207-401B-923A-AAF10C7B8E6D}.Release|Any CPU.ActiveCfg = Release|Any CPU
		{53D956E8-1207-401B-923A-AAF10C7B8E6D}.Release|Any CPU.Build.0 = Release|Any CPU
		{53D956E8-1207-401B-923A-AAF10C7B8E6D}.Release|ARM.ActiveCfg = Release|Any CPU
		{53D956E8-1207-401B-923A-AAF10C7B8E6D}.Release|ARM.Build.0 = Release|Any CPU
		{53D956E8-1207-401B-923A-AAF10C7B8E6D}.Release|iPhone.ActiveCfg = Release|Any CPU
		{53D956E8-1207-401B-923A-AAF10C7B8E6D}.Release|iPhone.Build.0 = Release|Any CPU
		{53D956E8-1207-401B-923A-AAF10C7B8E6D}.Release|iPhoneSimulator.ActiveCfg = Release|Any CPU
		{53D956E8-1207-401B-923A-AAF10C7B8E6D}.Release|iPhoneSimulator.Build.0 = Release|Any CPU
		{53D956E8-1207-401B-923A-AAF10C7B8E6D}.Release|x64.ActiveCfg = Release|Any CPU
		{53D956E8-1207-401B-923A-AAF10C7B8E6D}.Release|x64.Build.0 = Release|Any CPU
		{53D956E8-1207-401B-923A-AAF10C7B8E6D}.Release|x86.ActiveCfg = Release|Any CPU
		{53D956E8-1207-401B-923A-AAF10C7B8E6D}.Release|x86.Build.0 = Release|Any CPU
		{EA0FC1FE-54E3-4C0F-B730-2AE09888F421}.Ad-Hoc|Any CPU.ActiveCfg = Debug|Any CPU
		{EA0FC1FE-54E3-4C0F-B730-2AE09888F421}.Ad-Hoc|Any CPU.Build.0 = Debug|Any CPU
		{EA0FC1FE-54E3-4C0F-B730-2AE09888F421}.Ad-Hoc|ARM.ActiveCfg = Release|Any CPU
		{EA0FC1FE-54E3-4C0F-B730-2AE09888F421}.Ad-Hoc|ARM.Build.0 = Release|Any CPU
		{EA0FC1FE-54E3-4C0F-B730-2AE09888F421}.Ad-Hoc|iPhone.ActiveCfg = Debug|Any CPU
		{EA0FC1FE-54E3-4C0F-B730-2AE09888F421}.Ad-Hoc|iPhone.Build.0 = Debug|Any CPU
		{EA0FC1FE-54E3-4C0F-B730-2AE09888F421}.Ad-Hoc|iPhoneSimulator.ActiveCfg = Debug|Any CPU
		{EA0FC1FE-54E3-4C0F-B730-2AE09888F421}.Ad-Hoc|iPhoneSimulator.Build.0 = Debug|Any CPU
		{EA0FC1FE-54E3-4C0F-B730-2AE09888F421}.Ad-Hoc|x64.ActiveCfg = Release|Any CPU
		{EA0FC1FE-54E3-4C0F-B730-2AE09888F421}.Ad-Hoc|x64.Build.0 = Release|Any CPU
		{EA0FC1FE-54E3-4C0F-B730-2AE09888F421}.Ad-Hoc|x86.ActiveCfg = Release|Any CPU
		{EA0FC1FE-54E3-4C0F-B730-2AE09888F421}.Ad-Hoc|x86.Build.0 = Release|Any CPU
		{EA0FC1FE-54E3-4C0F-B730-2AE09888F421}.AppStore|Any CPU.ActiveCfg = Debug|Any CPU
		{EA0FC1FE-54E3-4C0F-B730-2AE09888F421}.AppStore|Any CPU.Build.0 = Debug|Any CPU
		{EA0FC1FE-54E3-4C0F-B730-2AE09888F421}.AppStore|ARM.ActiveCfg = Release|Any CPU
		{EA0FC1FE-54E3-4C0F-B730-2AE09888F421}.AppStore|ARM.Build.0 = Release|Any CPU
		{EA0FC1FE-54E3-4C0F-B730-2AE09888F421}.AppStore|iPhone.ActiveCfg = Debug|Any CPU
		{EA0FC1FE-54E3-4C0F-B730-2AE09888F421}.AppStore|iPhone.Build.0 = Debug|Any CPU
		{EA0FC1FE-54E3-4C0F-B730-2AE09888F421}.AppStore|iPhoneSimulator.ActiveCfg = Debug|Any CPU
		{EA0FC1FE-54E3-4C0F-B730-2AE09888F421}.AppStore|iPhoneSimulator.Build.0 = Debug|Any CPU
		{EA0FC1FE-54E3-4C0F-B730-2AE09888F421}.AppStore|x64.ActiveCfg = Release|Any CPU
		{EA0FC1FE-54E3-4C0F-B730-2AE09888F421}.AppStore|x64.Build.0 = Release|Any CPU
		{EA0FC1FE-54E3-4C0F-B730-2AE09888F421}.AppStore|x86.ActiveCfg = Release|Any CPU
		{EA0FC1FE-54E3-4C0F-B730-2AE09888F421}.AppStore|x86.Build.0 = Release|Any CPU
		{EA0FC1FE-54E3-4C0F-B730-2AE09888F421}.Debug|Any CPU.ActiveCfg = Debug|Any CPU
		{EA0FC1FE-54E3-4C0F-B730-2AE09888F421}.Debug|Any CPU.Build.0 = Debug|Any CPU
		{EA0FC1FE-54E3-4C0F-B730-2AE09888F421}.Debug|ARM.ActiveCfg = Debug|Any CPU
		{EA0FC1FE-54E3-4C0F-B730-2AE09888F421}.Debug|ARM.Build.0 = Debug|Any CPU
		{EA0FC1FE-54E3-4C0F-B730-2AE09888F421}.Debug|iPhone.ActiveCfg = Debug|Any CPU
		{EA0FC1FE-54E3-4C0F-B730-2AE09888F421}.Debug|iPhone.Build.0 = Debug|Any CPU
		{EA0FC1FE-54E3-4C0F-B730-2AE09888F421}.Debug|iPhoneSimulator.ActiveCfg = Debug|Any CPU
		{EA0FC1FE-54E3-4C0F-B730-2AE09888F421}.Debug|iPhoneSimulator.Build.0 = Debug|Any CPU
		{EA0FC1FE-54E3-4C0F-B730-2AE09888F421}.Debug|x64.ActiveCfg = Debug|Any CPU
		{EA0FC1FE-54E3-4C0F-B730-2AE09888F421}.Debug|x64.Build.0 = Debug|Any CPU
		{EA0FC1FE-54E3-4C0F-B730-2AE09888F421}.Debug|x86.ActiveCfg = Debug|Any CPU
		{EA0FC1FE-54E3-4C0F-B730-2AE09888F421}.Debug|x86.Build.0 = Debug|Any CPU
		{EA0FC1FE-54E3-4C0F-B730-2AE09888F421}.Release|Any CPU.ActiveCfg = Release|Any CPU
		{EA0FC1FE-54E3-4C0F-B730-2AE09888F421}.Release|Any CPU.Build.0 = Release|Any CPU
		{EA0FC1FE-54E3-4C0F-B730-2AE09888F421}.Release|ARM.ActiveCfg = Release|Any CPU
		{EA0FC1FE-54E3-4C0F-B730-2AE09888F421}.Release|ARM.Build.0 = Release|Any CPU
		{EA0FC1FE-54E3-4C0F-B730-2AE09888F421}.Release|iPhone.ActiveCfg = Release|Any CPU
		{EA0FC1FE-54E3-4C0F-B730-2AE09888F421}.Release|iPhone.Build.0 = Release|Any CPU
		{EA0FC1FE-54E3-4C0F-B730-2AE09888F421}.Release|iPhoneSimulator.ActiveCfg = Release|Any CPU
		{EA0FC1FE-54E3-4C0F-B730-2AE09888F421}.Release|iPhoneSimulator.Build.0 = Release|Any CPU
		{EA0FC1FE-54E3-4C0F-B730-2AE09888F421}.Release|x64.ActiveCfg = Release|Any CPU
		{EA0FC1FE-54E3-4C0F-B730-2AE09888F421}.Release|x64.Build.0 = Release|Any CPU
		{EA0FC1FE-54E3-4C0F-B730-2AE09888F421}.Release|x86.ActiveCfg = Release|Any CPU
		{EA0FC1FE-54E3-4C0F-B730-2AE09888F421}.Release|x86.Build.0 = Release|Any CPU
		{D14EA409-49BE-4F50-9132-71B6C761021D}.Ad-Hoc|Any CPU.ActiveCfg = Debug|Any CPU
		{D14EA409-49BE-4F50-9132-71B6C761021D}.Ad-Hoc|Any CPU.Build.0 = Debug|Any CPU
		{D14EA409-49BE-4F50-9132-71B6C761021D}.Ad-Hoc|ARM.ActiveCfg = Release|Any CPU
		{D14EA409-49BE-4F50-9132-71B6C761021D}.Ad-Hoc|ARM.Build.0 = Release|Any CPU
		{D14EA409-49BE-4F50-9132-71B6C761021D}.Ad-Hoc|iPhone.ActiveCfg = Debug|Any CPU
		{D14EA409-49BE-4F50-9132-71B6C761021D}.Ad-Hoc|iPhone.Build.0 = Debug|Any CPU
		{D14EA409-49BE-4F50-9132-71B6C761021D}.Ad-Hoc|iPhoneSimulator.ActiveCfg = Debug|Any CPU
		{D14EA409-49BE-4F50-9132-71B6C761021D}.Ad-Hoc|iPhoneSimulator.Build.0 = Debug|Any CPU
		{D14EA409-49BE-4F50-9132-71B6C761021D}.Ad-Hoc|x64.ActiveCfg = Release|Any CPU
		{D14EA409-49BE-4F50-9132-71B6C761021D}.Ad-Hoc|x64.Build.0 = Release|Any CPU
		{D14EA409-49BE-4F50-9132-71B6C761021D}.Ad-Hoc|x86.ActiveCfg = Release|Any CPU
		{D14EA409-49BE-4F50-9132-71B6C761021D}.Ad-Hoc|x86.Build.0 = Release|Any CPU
		{D14EA409-49BE-4F50-9132-71B6C761021D}.AppStore|Any CPU.ActiveCfg = Debug|Any CPU
		{D14EA409-49BE-4F50-9132-71B6C761021D}.AppStore|Any CPU.Build.0 = Debug|Any CPU
		{D14EA409-49BE-4F50-9132-71B6C761021D}.AppStore|ARM.ActiveCfg = Release|Any CPU
		{D14EA409-49BE-4F50-9132-71B6C761021D}.AppStore|ARM.Build.0 = Release|Any CPU
		{D14EA409-49BE-4F50-9132-71B6C761021D}.AppStore|iPhone.ActiveCfg = Debug|Any CPU
		{D14EA409-49BE-4F50-9132-71B6C761021D}.AppStore|iPhone.Build.0 = Debug|Any CPU
		{D14EA409-49BE-4F50-9132-71B6C761021D}.AppStore|iPhoneSimulator.ActiveCfg = Debug|Any CPU
		{D14EA409-49BE-4F50-9132-71B6C761021D}.AppStore|iPhoneSimulator.Build.0 = Debug|Any CPU
		{D14EA409-49BE-4F50-9132-71B6C761021D}.AppStore|x64.ActiveCfg = Release|Any CPU
		{D14EA409-49BE-4F50-9132-71B6C761021D}.AppStore|x64.Build.0 = Release|Any CPU
		{D14EA409-49BE-4F50-9132-71B6C761021D}.AppStore|x86.ActiveCfg = Release|Any CPU
		{D14EA409-49BE-4F50-9132-71B6C761021D}.AppStore|x86.Build.0 = Release|Any CPU
		{D14EA409-49BE-4F50-9132-71B6C761021D}.Debug|Any CPU.ActiveCfg = Debug|Any CPU
		{D14EA409-49BE-4F50-9132-71B6C761021D}.Debug|Any CPU.Build.0 = Debug|Any CPU
		{D14EA409-49BE-4F50-9132-71B6C761021D}.Debug|ARM.ActiveCfg = Debug|Any CPU
		{D14EA409-49BE-4F50-9132-71B6C761021D}.Debug|ARM.Build.0 = Debug|Any CPU
		{D14EA409-49BE-4F50-9132-71B6C761021D}.Debug|iPhone.ActiveCfg = Debug|Any CPU
		{D14EA409-49BE-4F50-9132-71B6C761021D}.Debug|iPhone.Build.0 = Debug|Any CPU
		{D14EA409-49BE-4F50-9132-71B6C761021D}.Debug|iPhoneSimulator.ActiveCfg = Debug|Any CPU
		{D14EA409-49BE-4F50-9132-71B6C761021D}.Debug|iPhoneSimulator.Build.0 = Debug|Any CPU
		{D14EA409-49BE-4F50-9132-71B6C761021D}.Debug|x64.ActiveCfg = Debug|Any CPU
		{D14EA409-49BE-4F50-9132-71B6C761021D}.Debug|x64.Build.0 = Debug|Any CPU
		{D14EA409-49BE-4F50-9132-71B6C761021D}.Debug|x86.ActiveCfg = Debug|Any CPU
		{D14EA409-49BE-4F50-9132-71B6C761021D}.Debug|x86.Build.0 = Debug|Any CPU
		{D14EA409-49BE-4F50-9132-71B6C761021D}.Release|Any CPU.ActiveCfg = Release|Any CPU
		{D14EA409-49BE-4F50-9132-71B6C761021D}.Release|Any CPU.Build.0 = Release|Any CPU
		{D14EA409-49BE-4F50-9132-71B6C761021D}.Release|ARM.ActiveCfg = Release|Any CPU
		{D14EA409-49BE-4F50-9132-71B6C761021D}.Release|ARM.Build.0 = Release|Any CPU
		{D14EA409-49BE-4F50-9132-71B6C761021D}.Release|iPhone.ActiveCfg = Release|Any CPU
		{D14EA409-49BE-4F50-9132-71B6C761021D}.Release|iPhone.Build.0 = Release|Any CPU
		{D14EA409-49BE-4F50-9132-71B6C761021D}.Release|iPhoneSimulator.ActiveCfg = Release|Any CPU
		{D14EA409-49BE-4F50-9132-71B6C761021D}.Release|iPhoneSimulator.Build.0 = Release|Any CPU
		{D14EA409-49BE-4F50-9132-71B6C761021D}.Release|x64.ActiveCfg = Release|Any CPU
		{D14EA409-49BE-4F50-9132-71B6C761021D}.Release|x64.Build.0 = Release|Any CPU
		{D14EA409-49BE-4F50-9132-71B6C761021D}.Release|x86.ActiveCfg = Release|Any CPU
		{D14EA409-49BE-4F50-9132-71B6C761021D}.Release|x86.Build.0 = Release|Any CPU
		{5756A28D-CF95-4CB6-8679-F5B7BDBA2FAB}.Ad-Hoc|Any CPU.ActiveCfg = Release|Any CPU
		{5756A28D-CF95-4CB6-8679-F5B7BDBA2FAB}.Ad-Hoc|Any CPU.Build.0 = Release|Any CPU
		{5756A28D-CF95-4CB6-8679-F5B7BDBA2FAB}.Ad-Hoc|Any CPU.Deploy.0 = Release|Any CPU
		{5756A28D-CF95-4CB6-8679-F5B7BDBA2FAB}.Ad-Hoc|ARM.ActiveCfg = Debug|Any CPU
		{5756A28D-CF95-4CB6-8679-F5B7BDBA2FAB}.Ad-Hoc|ARM.Build.0 = Debug|Any CPU
		{5756A28D-CF95-4CB6-8679-F5B7BDBA2FAB}.Ad-Hoc|ARM.Deploy.0 = Debug|Any CPU
		{5756A28D-CF95-4CB6-8679-F5B7BDBA2FAB}.Ad-Hoc|iPhone.ActiveCfg = Release|Any CPU
		{5756A28D-CF95-4CB6-8679-F5B7BDBA2FAB}.Ad-Hoc|iPhone.Build.0 = Release|Any CPU
		{5756A28D-CF95-4CB6-8679-F5B7BDBA2FAB}.Ad-Hoc|iPhone.Deploy.0 = Release|Any CPU
		{5756A28D-CF95-4CB6-8679-F5B7BDBA2FAB}.Ad-Hoc|iPhoneSimulator.ActiveCfg = Release|Any CPU
		{5756A28D-CF95-4CB6-8679-F5B7BDBA2FAB}.Ad-Hoc|iPhoneSimulator.Build.0 = Release|Any CPU
		{5756A28D-CF95-4CB6-8679-F5B7BDBA2FAB}.Ad-Hoc|iPhoneSimulator.Deploy.0 = Release|Any CPU
		{5756A28D-CF95-4CB6-8679-F5B7BDBA2FAB}.Ad-Hoc|x64.ActiveCfg = Debug|Any CPU
		{5756A28D-CF95-4CB6-8679-F5B7BDBA2FAB}.Ad-Hoc|x64.Build.0 = Debug|Any CPU
		{5756A28D-CF95-4CB6-8679-F5B7BDBA2FAB}.Ad-Hoc|x64.Deploy.0 = Debug|Any CPU
		{5756A28D-CF95-4CB6-8679-F5B7BDBA2FAB}.Ad-Hoc|x86.ActiveCfg = Debug|Any CPU
		{5756A28D-CF95-4CB6-8679-F5B7BDBA2FAB}.Ad-Hoc|x86.Build.0 = Debug|Any CPU
		{5756A28D-CF95-4CB6-8679-F5B7BDBA2FAB}.Ad-Hoc|x86.Deploy.0 = Debug|Any CPU
		{5756A28D-CF95-4CB6-8679-F5B7BDBA2FAB}.AppStore|Any CPU.ActiveCfg = Release|Any CPU
		{5756A28D-CF95-4CB6-8679-F5B7BDBA2FAB}.AppStore|Any CPU.Build.0 = Release|Any CPU
		{5756A28D-CF95-4CB6-8679-F5B7BDBA2FAB}.AppStore|Any CPU.Deploy.0 = Release|Any CPU
		{5756A28D-CF95-4CB6-8679-F5B7BDBA2FAB}.AppStore|ARM.ActiveCfg = Debug|Any CPU
		{5756A28D-CF95-4CB6-8679-F5B7BDBA2FAB}.AppStore|ARM.Build.0 = Debug|Any CPU
		{5756A28D-CF95-4CB6-8679-F5B7BDBA2FAB}.AppStore|ARM.Deploy.0 = Debug|Any CPU
		{5756A28D-CF95-4CB6-8679-F5B7BDBA2FAB}.AppStore|iPhone.ActiveCfg = Release|Any CPU
		{5756A28D-CF95-4CB6-8679-F5B7BDBA2FAB}.AppStore|iPhone.Build.0 = Release|Any CPU
		{5756A28D-CF95-4CB6-8679-F5B7BDBA2FAB}.AppStore|iPhone.Deploy.0 = Release|Any CPU
		{5756A28D-CF95-4CB6-8679-F5B7BDBA2FAB}.AppStore|iPhoneSimulator.ActiveCfg = Release|Any CPU
		{5756A28D-CF95-4CB6-8679-F5B7BDBA2FAB}.AppStore|iPhoneSimulator.Build.0 = Release|Any CPU
		{5756A28D-CF95-4CB6-8679-F5B7BDBA2FAB}.AppStore|iPhoneSimulator.Deploy.0 = Release|Any CPU
		{5756A28D-CF95-4CB6-8679-F5B7BDBA2FAB}.AppStore|x64.ActiveCfg = Debug|Any CPU
		{5756A28D-CF95-4CB6-8679-F5B7BDBA2FAB}.AppStore|x64.Build.0 = Debug|Any CPU
		{5756A28D-CF95-4CB6-8679-F5B7BDBA2FAB}.AppStore|x64.Deploy.0 = Debug|Any CPU
		{5756A28D-CF95-4CB6-8679-F5B7BDBA2FAB}.AppStore|x86.ActiveCfg = Debug|Any CPU
		{5756A28D-CF95-4CB6-8679-F5B7BDBA2FAB}.AppStore|x86.Build.0 = Debug|Any CPU
		{5756A28D-CF95-4CB6-8679-F5B7BDBA2FAB}.AppStore|x86.Deploy.0 = Debug|Any CPU
		{5756A28D-CF95-4CB6-8679-F5B7BDBA2FAB}.Debug|Any CPU.ActiveCfg = Debug|Any CPU
		{5756A28D-CF95-4CB6-8679-F5B7BDBA2FAB}.Debug|Any CPU.Build.0 = Debug|Any CPU
		{5756A28D-CF95-4CB6-8679-F5B7BDBA2FAB}.Debug|Any CPU.Deploy.0 = Debug|Any CPU
		{5756A28D-CF95-4CB6-8679-F5B7BDBA2FAB}.Debug|ARM.ActiveCfg = Debug|Any CPU
		{5756A28D-CF95-4CB6-8679-F5B7BDBA2FAB}.Debug|ARM.Build.0 = Debug|Any CPU
		{5756A28D-CF95-4CB6-8679-F5B7BDBA2FAB}.Debug|ARM.Deploy.0 = Debug|Any CPU
		{5756A28D-CF95-4CB6-8679-F5B7BDBA2FAB}.Debug|iPhone.ActiveCfg = Debug|Any CPU
		{5756A28D-CF95-4CB6-8679-F5B7BDBA2FAB}.Debug|iPhone.Build.0 = Debug|Any CPU
		{5756A28D-CF95-4CB6-8679-F5B7BDBA2FAB}.Debug|iPhone.Deploy.0 = Debug|Any CPU
		{5756A28D-CF95-4CB6-8679-F5B7BDBA2FAB}.Debug|iPhoneSimulator.ActiveCfg = Debug|Any CPU
		{5756A28D-CF95-4CB6-8679-F5B7BDBA2FAB}.Debug|iPhoneSimulator.Build.0 = Debug|Any CPU
		{5756A28D-CF95-4CB6-8679-F5B7BDBA2FAB}.Debug|iPhoneSimulator.Deploy.0 = Debug|Any CPU
		{5756A28D-CF95-4CB6-8679-F5B7BDBA2FAB}.Debug|x64.ActiveCfg = Debug|Any CPU
		{5756A28D-CF95-4CB6-8679-F5B7BDBA2FAB}.Debug|x64.Build.0 = Debug|Any CPU
		{5756A28D-CF95-4CB6-8679-F5B7BDBA2FAB}.Debug|x64.Deploy.0 = Debug|Any CPU
		{5756A28D-CF95-4CB6-8679-F5B7BDBA2FAB}.Debug|x86.ActiveCfg = Debug|Any CPU
		{5756A28D-CF95-4CB6-8679-F5B7BDBA2FAB}.Debug|x86.Build.0 = Debug|Any CPU
		{5756A28D-CF95-4CB6-8679-F5B7BDBA2FAB}.Debug|x86.Deploy.0 = Debug|Any CPU
		{5756A28D-CF95-4CB6-8679-F5B7BDBA2FAB}.Release|Any CPU.ActiveCfg = Release|Any CPU
		{5756A28D-CF95-4CB6-8679-F5B7BDBA2FAB}.Release|Any CPU.Build.0 = Release|Any CPU
		{5756A28D-CF95-4CB6-8679-F5B7BDBA2FAB}.Release|Any CPU.Deploy.0 = Release|Any CPU
		{5756A28D-CF95-4CB6-8679-F5B7BDBA2FAB}.Release|ARM.ActiveCfg = Release|Any CPU
		{5756A28D-CF95-4CB6-8679-F5B7BDBA2FAB}.Release|ARM.Build.0 = Release|Any CPU
		{5756A28D-CF95-4CB6-8679-F5B7BDBA2FAB}.Release|ARM.Deploy.0 = Release|Any CPU
		{5756A28D-CF95-4CB6-8679-F5B7BDBA2FAB}.Release|iPhone.ActiveCfg = Release|Any CPU
		{5756A28D-CF95-4CB6-8679-F5B7BDBA2FAB}.Release|iPhone.Build.0 = Release|Any CPU
		{5756A28D-CF95-4CB6-8679-F5B7BDBA2FAB}.Release|iPhone.Deploy.0 = Release|Any CPU
		{5756A28D-CF95-4CB6-8679-F5B7BDBA2FAB}.Release|iPhoneSimulator.ActiveCfg = Release|Any CPU
		{5756A28D-CF95-4CB6-8679-F5B7BDBA2FAB}.Release|iPhoneSimulator.Build.0 = Release|Any CPU
		{5756A28D-CF95-4CB6-8679-F5B7BDBA2FAB}.Release|iPhoneSimulator.Deploy.0 = Release|Any CPU
		{5756A28D-CF95-4CB6-8679-F5B7BDBA2FAB}.Release|x64.ActiveCfg = Release|Any CPU
		{5756A28D-CF95-4CB6-8679-F5B7BDBA2FAB}.Release|x64.Build.0 = Release|Any CPU
		{5756A28D-CF95-4CB6-8679-F5B7BDBA2FAB}.Release|x64.Deploy.0 = Release|Any CPU
		{5756A28D-CF95-4CB6-8679-F5B7BDBA2FAB}.Release|x86.ActiveCfg = Release|Any CPU
		{5756A28D-CF95-4CB6-8679-F5B7BDBA2FAB}.Release|x86.Build.0 = Release|Any CPU
		{5756A28D-CF95-4CB6-8679-F5B7BDBA2FAB}.Release|x86.Deploy.0 = Release|Any CPU
		{6F3CAB9E-004D-4275-AC31-9CAB4D9FFD09}.Ad-Hoc|Any CPU.ActiveCfg = Ad-Hoc|iPhone
		{6F3CAB9E-004D-4275-AC31-9CAB4D9FFD09}.Ad-Hoc|ARM.ActiveCfg = Ad-Hoc|iPhoneSimulator
		{6F3CAB9E-004D-4275-AC31-9CAB4D9FFD09}.Ad-Hoc|iPhone.ActiveCfg = Ad-Hoc|iPhone
		{6F3CAB9E-004D-4275-AC31-9CAB4D9FFD09}.Ad-Hoc|iPhone.Build.0 = Ad-Hoc|iPhone
		{6F3CAB9E-004D-4275-AC31-9CAB4D9FFD09}.Ad-Hoc|iPhoneSimulator.ActiveCfg = Ad-Hoc|iPhoneSimulator
		{6F3CAB9E-004D-4275-AC31-9CAB4D9FFD09}.Ad-Hoc|iPhoneSimulator.Build.0 = Ad-Hoc|iPhoneSimulator
		{6F3CAB9E-004D-4275-AC31-9CAB4D9FFD09}.Ad-Hoc|x64.ActiveCfg = Ad-Hoc|iPhoneSimulator
		{6F3CAB9E-004D-4275-AC31-9CAB4D9FFD09}.Ad-Hoc|x86.ActiveCfg = Ad-Hoc|iPhoneSimulator
		{6F3CAB9E-004D-4275-AC31-9CAB4D9FFD09}.AppStore|Any CPU.ActiveCfg = AppStore|iPhone
		{6F3CAB9E-004D-4275-AC31-9CAB4D9FFD09}.AppStore|ARM.ActiveCfg = AppStore|iPhoneSimulator
		{6F3CAB9E-004D-4275-AC31-9CAB4D9FFD09}.AppStore|iPhone.ActiveCfg = AppStore|iPhone
		{6F3CAB9E-004D-4275-AC31-9CAB4D9FFD09}.AppStore|iPhone.Build.0 = AppStore|iPhone
		{6F3CAB9E-004D-4275-AC31-9CAB4D9FFD09}.AppStore|iPhoneSimulator.ActiveCfg = AppStore|iPhoneSimulator
		{6F3CAB9E-004D-4275-AC31-9CAB4D9FFD09}.AppStore|iPhoneSimulator.Build.0 = AppStore|iPhoneSimulator
		{6F3CAB9E-004D-4275-AC31-9CAB4D9FFD09}.AppStore|x64.ActiveCfg = AppStore|iPhoneSimulator
		{6F3CAB9E-004D-4275-AC31-9CAB4D9FFD09}.AppStore|x86.ActiveCfg = AppStore|iPhoneSimulator
		{6F3CAB9E-004D-4275-AC31-9CAB4D9FFD09}.Debug|Any CPU.ActiveCfg = Debug|iPhone
		{6F3CAB9E-004D-4275-AC31-9CAB4D9FFD09}.Debug|ARM.ActiveCfg = Debug|iPhoneSimulator
		{6F3CAB9E-004D-4275-AC31-9CAB4D9FFD09}.Debug|iPhone.ActiveCfg = Debug|iPhone
		{6F3CAB9E-004D-4275-AC31-9CAB4D9FFD09}.Debug|iPhone.Build.0 = Debug|iPhone
		{6F3CAB9E-004D-4275-AC31-9CAB4D9FFD09}.Debug|iPhoneSimulator.ActiveCfg = Debug|iPhoneSimulator
		{6F3CAB9E-004D-4275-AC31-9CAB4D9FFD09}.Debug|iPhoneSimulator.Build.0 = Debug|iPhoneSimulator
		{6F3CAB9E-004D-4275-AC31-9CAB4D9FFD09}.Debug|x64.ActiveCfg = Debug|iPhoneSimulator
		{6F3CAB9E-004D-4275-AC31-9CAB4D9FFD09}.Debug|x86.ActiveCfg = Debug|iPhoneSimulator
		{6F3CAB9E-004D-4275-AC31-9CAB4D9FFD09}.Release|Any CPU.ActiveCfg = Release|iPhone
		{6F3CAB9E-004D-4275-AC31-9CAB4D9FFD09}.Release|ARM.ActiveCfg = Release|iPhoneSimulator
		{6F3CAB9E-004D-4275-AC31-9CAB4D9FFD09}.Release|iPhone.ActiveCfg = Release|iPhone
		{6F3CAB9E-004D-4275-AC31-9CAB4D9FFD09}.Release|iPhone.Build.0 = Release|iPhone
		{6F3CAB9E-004D-4275-AC31-9CAB4D9FFD09}.Release|iPhoneSimulator.ActiveCfg = Release|iPhoneSimulator
		{6F3CAB9E-004D-4275-AC31-9CAB4D9FFD09}.Release|iPhoneSimulator.Build.0 = Release|iPhoneSimulator
		{6F3CAB9E-004D-4275-AC31-9CAB4D9FFD09}.Release|x64.ActiveCfg = Release|iPhoneSimulator
		{6F3CAB9E-004D-4275-AC31-9CAB4D9FFD09}.Release|x86.ActiveCfg = Release|iPhoneSimulator
		{E6219078-D656-44CA-AF61-07D060785E4B}.Ad-Hoc|Any CPU.ActiveCfg = Debug|Any CPU
		{E6219078-D656-44CA-AF61-07D060785E4B}.Ad-Hoc|Any CPU.Build.0 = Debug|Any CPU
		{E6219078-D656-44CA-AF61-07D060785E4B}.Ad-Hoc|ARM.ActiveCfg = Release|Any CPU
		{E6219078-D656-44CA-AF61-07D060785E4B}.Ad-Hoc|ARM.Build.0 = Release|Any CPU
		{E6219078-D656-44CA-AF61-07D060785E4B}.Ad-Hoc|iPhone.ActiveCfg = Debug|Any CPU
		{E6219078-D656-44CA-AF61-07D060785E4B}.Ad-Hoc|iPhone.Build.0 = Debug|Any CPU
		{E6219078-D656-44CA-AF61-07D060785E4B}.Ad-Hoc|iPhoneSimulator.ActiveCfg = Debug|Any CPU
		{E6219078-D656-44CA-AF61-07D060785E4B}.Ad-Hoc|iPhoneSimulator.Build.0 = Debug|Any CPU
		{E6219078-D656-44CA-AF61-07D060785E4B}.Ad-Hoc|x64.ActiveCfg = Release|Any CPU
		{E6219078-D656-44CA-AF61-07D060785E4B}.Ad-Hoc|x64.Build.0 = Release|Any CPU
		{E6219078-D656-44CA-AF61-07D060785E4B}.Ad-Hoc|x86.ActiveCfg = Release|Any CPU
		{E6219078-D656-44CA-AF61-07D060785E4B}.Ad-Hoc|x86.Build.0 = Release|Any CPU
		{E6219078-D656-44CA-AF61-07D060785E4B}.AppStore|Any CPU.ActiveCfg = Debug|Any CPU
		{E6219078-D656-44CA-AF61-07D060785E4B}.AppStore|Any CPU.Build.0 = Debug|Any CPU
		{E6219078-D656-44CA-AF61-07D060785E4B}.AppStore|ARM.ActiveCfg = Release|Any CPU
		{E6219078-D656-44CA-AF61-07D060785E4B}.AppStore|ARM.Build.0 = Release|Any CPU
		{E6219078-D656-44CA-AF61-07D060785E4B}.AppStore|iPhone.ActiveCfg = Debug|Any CPU
		{E6219078-D656-44CA-AF61-07D060785E4B}.AppStore|iPhone.Build.0 = Debug|Any CPU
		{E6219078-D656-44CA-AF61-07D060785E4B}.AppStore|iPhoneSimulator.ActiveCfg = Debug|Any CPU
		{E6219078-D656-44CA-AF61-07D060785E4B}.AppStore|iPhoneSimulator.Build.0 = Debug|Any CPU
		{E6219078-D656-44CA-AF61-07D060785E4B}.AppStore|x64.ActiveCfg = Release|Any CPU
		{E6219078-D656-44CA-AF61-07D060785E4B}.AppStore|x64.Build.0 = Release|Any CPU
		{E6219078-D656-44CA-AF61-07D060785E4B}.AppStore|x86.ActiveCfg = Release|Any CPU
		{E6219078-D656-44CA-AF61-07D060785E4B}.AppStore|x86.Build.0 = Release|Any CPU
		{E6219078-D656-44CA-AF61-07D060785E4B}.Debug|Any CPU.ActiveCfg = Debug|Any CPU
		{E6219078-D656-44CA-AF61-07D060785E4B}.Debug|Any CPU.Build.0 = Debug|Any CPU
		{E6219078-D656-44CA-AF61-07D060785E4B}.Debug|ARM.ActiveCfg = Debug|Any CPU
		{E6219078-D656-44CA-AF61-07D060785E4B}.Debug|ARM.Build.0 = Debug|Any CPU
		{E6219078-D656-44CA-AF61-07D060785E4B}.Debug|iPhone.ActiveCfg = Debug|Any CPU
		{E6219078-D656-44CA-AF61-07D060785E4B}.Debug|iPhone.Build.0 = Debug|Any CPU
		{E6219078-D656-44CA-AF61-07D060785E4B}.Debug|iPhoneSimulator.ActiveCfg = Debug|Any CPU
		{E6219078-D656-44CA-AF61-07D060785E4B}.Debug|iPhoneSimulator.Build.0 = Debug|Any CPU
		{E6219078-D656-44CA-AF61-07D060785E4B}.Debug|x64.ActiveCfg = Debug|Any CPU
		{E6219078-D656-44CA-AF61-07D060785E4B}.Debug|x64.Build.0 = Debug|Any CPU
		{E6219078-D656-44CA-AF61-07D060785E4B}.Debug|x86.ActiveCfg = Debug|Any CPU
		{E6219078-D656-44CA-AF61-07D060785E4B}.Debug|x86.Build.0 = Debug|Any CPU
		{E6219078-D656-44CA-AF61-07D060785E4B}.Release|Any CPU.ActiveCfg = Release|Any CPU
		{E6219078-D656-44CA-AF61-07D060785E4B}.Release|Any CPU.Build.0 = Release|Any CPU
		{E6219078-D656-44CA-AF61-07D060785E4B}.Release|ARM.ActiveCfg = Release|Any CPU
		{E6219078-D656-44CA-AF61-07D060785E4B}.Release|ARM.Build.0 = Release|Any CPU
		{E6219078-D656-44CA-AF61-07D060785E4B}.Release|iPhone.ActiveCfg = Release|Any CPU
		{E6219078-D656-44CA-AF61-07D060785E4B}.Release|iPhone.Build.0 = Release|Any CPU
		{E6219078-D656-44CA-AF61-07D060785E4B}.Release|iPhoneSimulator.ActiveCfg = Release|Any CPU
		{E6219078-D656-44CA-AF61-07D060785E4B}.Release|iPhoneSimulator.Build.0 = Release|Any CPU
		{E6219078-D656-44CA-AF61-07D060785E4B}.Release|x64.ActiveCfg = Release|Any CPU
		{E6219078-D656-44CA-AF61-07D060785E4B}.Release|x64.Build.0 = Release|Any CPU
		{E6219078-D656-44CA-AF61-07D060785E4B}.Release|x86.ActiveCfg = Release|Any CPU
		{E6219078-D656-44CA-AF61-07D060785E4B}.Release|x86.Build.0 = Release|Any CPU
		{423BFF76-F019-4986-A0E7-E0BFA043D375}.Ad-Hoc|Any CPU.ActiveCfg = Release|x86
		{423BFF76-F019-4986-A0E7-E0BFA043D375}.Ad-Hoc|Any CPU.Build.0 = Release|x86
		{423BFF76-F019-4986-A0E7-E0BFA043D375}.Ad-Hoc|Any CPU.Deploy.0 = Release|x86
		{423BFF76-F019-4986-A0E7-E0BFA043D375}.Ad-Hoc|ARM.ActiveCfg = Release|ARM
		{423BFF76-F019-4986-A0E7-E0BFA043D375}.Ad-Hoc|ARM.Build.0 = Release|ARM
		{423BFF76-F019-4986-A0E7-E0BFA043D375}.Ad-Hoc|ARM.Deploy.0 = Release|ARM
		{423BFF76-F019-4986-A0E7-E0BFA043D375}.Ad-Hoc|iPhone.ActiveCfg = Release|x86
		{423BFF76-F019-4986-A0E7-E0BFA043D375}.Ad-Hoc|iPhone.Build.0 = Release|x86
		{423BFF76-F019-4986-A0E7-E0BFA043D375}.Ad-Hoc|iPhone.Deploy.0 = Release|x86
		{423BFF76-F019-4986-A0E7-E0BFA043D375}.Ad-Hoc|iPhoneSimulator.ActiveCfg = Release|x86
		{423BFF76-F019-4986-A0E7-E0BFA043D375}.Ad-Hoc|iPhoneSimulator.Build.0 = Release|x86
		{423BFF76-F019-4986-A0E7-E0BFA043D375}.Ad-Hoc|iPhoneSimulator.Deploy.0 = Release|x86
		{423BFF76-F019-4986-A0E7-E0BFA043D375}.Ad-Hoc|x64.ActiveCfg = Release|x64
		{423BFF76-F019-4986-A0E7-E0BFA043D375}.Ad-Hoc|x64.Build.0 = Release|x64
		{423BFF76-F019-4986-A0E7-E0BFA043D375}.Ad-Hoc|x64.Deploy.0 = Release|x64
		{423BFF76-F019-4986-A0E7-E0BFA043D375}.Ad-Hoc|x86.ActiveCfg = Release|x86
		{423BFF76-F019-4986-A0E7-E0BFA043D375}.Ad-Hoc|x86.Build.0 = Release|x86
		{423BFF76-F019-4986-A0E7-E0BFA043D375}.Ad-Hoc|x86.Deploy.0 = Release|x86
		{423BFF76-F019-4986-A0E7-E0BFA043D375}.AppStore|Any CPU.ActiveCfg = Release|x86
		{423BFF76-F019-4986-A0E7-E0BFA043D375}.AppStore|Any CPU.Build.0 = Release|x86
		{423BFF76-F019-4986-A0E7-E0BFA043D375}.AppStore|Any CPU.Deploy.0 = Release|x86
		{423BFF76-F019-4986-A0E7-E0BFA043D375}.AppStore|ARM.ActiveCfg = Release|ARM
		{423BFF76-F019-4986-A0E7-E0BFA043D375}.AppStore|ARM.Build.0 = Release|ARM
		{423BFF76-F019-4986-A0E7-E0BFA043D375}.AppStore|ARM.Deploy.0 = Release|ARM
		{423BFF76-F019-4986-A0E7-E0BFA043D375}.AppStore|iPhone.ActiveCfg = Release|x86
		{423BFF76-F019-4986-A0E7-E0BFA043D375}.AppStore|iPhone.Build.0 = Release|x86
		{423BFF76-F019-4986-A0E7-E0BFA043D375}.AppStore|iPhone.Deploy.0 = Release|x86
		{423BFF76-F019-4986-A0E7-E0BFA043D375}.AppStore|iPhoneSimulator.ActiveCfg = Release|x86
		{423BFF76-F019-4986-A0E7-E0BFA043D375}.AppStore|iPhoneSimulator.Build.0 = Release|x86
		{423BFF76-F019-4986-A0E7-E0BFA043D375}.AppStore|iPhoneSimulator.Deploy.0 = Release|x86
		{423BFF76-F019-4986-A0E7-E0BFA043D375}.AppStore|x64.ActiveCfg = Release|x64
		{423BFF76-F019-4986-A0E7-E0BFA043D375}.AppStore|x64.Build.0 = Release|x64
		{423BFF76-F019-4986-A0E7-E0BFA043D375}.AppStore|x64.Deploy.0 = Release|x64
		{423BFF76-F019-4986-A0E7-E0BFA043D375}.AppStore|x86.ActiveCfg = Release|x86
		{423BFF76-F019-4986-A0E7-E0BFA043D375}.AppStore|x86.Build.0 = Release|x86
		{423BFF76-F019-4986-A0E7-E0BFA043D375}.AppStore|x86.Deploy.0 = Release|x86
		{423BFF76-F019-4986-A0E7-E0BFA043D375}.Debug|Any CPU.ActiveCfg = Debug|x86
		{423BFF76-F019-4986-A0E7-E0BFA043D375}.Debug|ARM.ActiveCfg = Debug|ARM
		{423BFF76-F019-4986-A0E7-E0BFA043D375}.Debug|ARM.Build.0 = Debug|ARM
		{423BFF76-F019-4986-A0E7-E0BFA043D375}.Debug|ARM.Deploy.0 = Debug|ARM
		{423BFF76-F019-4986-A0E7-E0BFA043D375}.Debug|iPhone.ActiveCfg = Debug|x86
		{423BFF76-F019-4986-A0E7-E0BFA043D375}.Debug|iPhoneSimulator.ActiveCfg = Debug|x86
		{423BFF76-F019-4986-A0E7-E0BFA043D375}.Debug|x64.ActiveCfg = Debug|x64
		{423BFF76-F019-4986-A0E7-E0BFA043D375}.Debug|x64.Build.0 = Debug|x64
		{423BFF76-F019-4986-A0E7-E0BFA043D375}.Debug|x64.Deploy.0 = Debug|x64
		{423BFF76-F019-4986-A0E7-E0BFA043D375}.Debug|x86.ActiveCfg = Debug|x86
		{423BFF76-F019-4986-A0E7-E0BFA043D375}.Debug|x86.Build.0 = Debug|x86
		{423BFF76-F019-4986-A0E7-E0BFA043D375}.Debug|x86.Deploy.0 = Debug|x86
		{423BFF76-F019-4986-A0E7-E0BFA043D375}.Release|Any CPU.ActiveCfg = Release|x86
		{423BFF76-F019-4986-A0E7-E0BFA043D375}.Release|ARM.ActiveCfg = Release|ARM
		{423BFF76-F019-4986-A0E7-E0BFA043D375}.Release|ARM.Build.0 = Release|ARM
		{423BFF76-F019-4986-A0E7-E0BFA043D375}.Release|ARM.Deploy.0 = Release|ARM
		{423BFF76-F019-4986-A0E7-E0BFA043D375}.Release|iPhone.ActiveCfg = Release|x86
		{423BFF76-F019-4986-A0E7-E0BFA043D375}.Release|iPhoneSimulator.ActiveCfg = Release|x86
		{423BFF76-F019-4986-A0E7-E0BFA043D375}.Release|x64.ActiveCfg = Release|x64
		{423BFF76-F019-4986-A0E7-E0BFA043D375}.Release|x64.Build.0 = Release|x64
		{423BFF76-F019-4986-A0E7-E0BFA043D375}.Release|x64.Deploy.0 = Release|x64
		{423BFF76-F019-4986-A0E7-E0BFA043D375}.Release|x86.ActiveCfg = Release|x86
		{423BFF76-F019-4986-A0E7-E0BFA043D375}.Release|x86.Build.0 = Release|x86
		{423BFF76-F019-4986-A0E7-E0BFA043D375}.Release|x86.Deploy.0 = Release|x86
		{01466C03-DFA6-4BAC-B71F-EA088591EFD3}.Ad-Hoc|Any CPU.ActiveCfg = Debug|Any CPU
		{01466C03-DFA6-4BAC-B71F-EA088591EFD3}.Ad-Hoc|Any CPU.Build.0 = Debug|Any CPU
		{01466C03-DFA6-4BAC-B71F-EA088591EFD3}.Ad-Hoc|ARM.ActiveCfg = Debug|Any CPU
		{01466C03-DFA6-4BAC-B71F-EA088591EFD3}.Ad-Hoc|ARM.Build.0 = Debug|Any CPU
		{01466C03-DFA6-4BAC-B71F-EA088591EFD3}.Ad-Hoc|iPhone.ActiveCfg = Debug|Any CPU
		{01466C03-DFA6-4BAC-B71F-EA088591EFD3}.Ad-Hoc|iPhone.Build.0 = Debug|Any CPU
		{01466C03-DFA6-4BAC-B71F-EA088591EFD3}.Ad-Hoc|iPhoneSimulator.ActiveCfg = Debug|Any CPU
		{01466C03-DFA6-4BAC-B71F-EA088591EFD3}.Ad-Hoc|iPhoneSimulator.Build.0 = Debug|Any CPU
		{01466C03-DFA6-4BAC-B71F-EA088591EFD3}.Ad-Hoc|x64.ActiveCfg = Debug|Any CPU
		{01466C03-DFA6-4BAC-B71F-EA088591EFD3}.Ad-Hoc|x64.Build.0 = Debug|Any CPU
		{01466C03-DFA6-4BAC-B71F-EA088591EFD3}.Ad-Hoc|x86.ActiveCfg = Debug|Any CPU
		{01466C03-DFA6-4BAC-B71F-EA088591EFD3}.Ad-Hoc|x86.Build.0 = Debug|Any CPU
		{01466C03-DFA6-4BAC-B71F-EA088591EFD3}.AppStore|Any CPU.ActiveCfg = Debug|Any CPU
		{01466C03-DFA6-4BAC-B71F-EA088591EFD3}.AppStore|Any CPU.Build.0 = Debug|Any CPU
		{01466C03-DFA6-4BAC-B71F-EA088591EFD3}.AppStore|ARM.ActiveCfg = Debug|Any CPU
		{01466C03-DFA6-4BAC-B71F-EA088591EFD3}.AppStore|ARM.Build.0 = Debug|Any CPU
		{01466C03-DFA6-4BAC-B71F-EA088591EFD3}.AppStore|iPhone.ActiveCfg = Debug|Any CPU
		{01466C03-DFA6-4BAC-B71F-EA088591EFD3}.AppStore|iPhone.Build.0 = Debug|Any CPU
		{01466C03-DFA6-4BAC-B71F-EA088591EFD3}.AppStore|iPhoneSimulator.ActiveCfg = Debug|Any CPU
		{01466C03-DFA6-4BAC-B71F-EA088591EFD3}.AppStore|iPhoneSimulator.Build.0 = Debug|Any CPU
		{01466C03-DFA6-4BAC-B71F-EA088591EFD3}.AppStore|x64.ActiveCfg = Debug|Any CPU
		{01466C03-DFA6-4BAC-B71F-EA088591EFD3}.AppStore|x64.Build.0 = Debug|Any CPU
		{01466C03-DFA6-4BAC-B71F-EA088591EFD3}.AppStore|x86.ActiveCfg = Debug|Any CPU
		{01466C03-DFA6-4BAC-B71F-EA088591EFD3}.AppStore|x86.Build.0 = Debug|Any CPU
		{01466C03-DFA6-4BAC-B71F-EA088591EFD3}.Debug|Any CPU.ActiveCfg = Debug|Any CPU
		{01466C03-DFA6-4BAC-B71F-EA088591EFD3}.Debug|Any CPU.Build.0 = Debug|Any CPU
		{01466C03-DFA6-4BAC-B71F-EA088591EFD3}.Debug|ARM.ActiveCfg = Debug|Any CPU
		{01466C03-DFA6-4BAC-B71F-EA088591EFD3}.Debug|ARM.Build.0 = Debug|Any CPU
		{01466C03-DFA6-4BAC-B71F-EA088591EFD3}.Debug|iPhone.ActiveCfg = Debug|Any CPU
		{01466C03-DFA6-4BAC-B71F-EA088591EFD3}.Debug|iPhone.Build.0 = Debug|Any CPU
		{01466C03-DFA6-4BAC-B71F-EA088591EFD3}.Debug|iPhoneSimulator.ActiveCfg = Debug|Any CPU
		{01466C03-DFA6-4BAC-B71F-EA088591EFD3}.Debug|iPhoneSimulator.Build.0 = Debug|Any CPU
		{01466C03-DFA6-4BAC-B71F-EA088591EFD3}.Debug|x64.ActiveCfg = Debug|Any CPU
		{01466C03-DFA6-4BAC-B71F-EA088591EFD3}.Debug|x64.Build.0 = Debug|Any CPU
		{01466C03-DFA6-4BAC-B71F-EA088591EFD3}.Debug|x86.ActiveCfg = Debug|Any CPU
		{01466C03-DFA6-4BAC-B71F-EA088591EFD3}.Debug|x86.Build.0 = Debug|Any CPU
		{01466C03-DFA6-4BAC-B71F-EA088591EFD3}.Release|Any CPU.ActiveCfg = Release|Any CPU
		{01466C03-DFA6-4BAC-B71F-EA088591EFD3}.Release|Any CPU.Build.0 = Release|Any CPU
		{01466C03-DFA6-4BAC-B71F-EA088591EFD3}.Release|ARM.ActiveCfg = Release|Any CPU
		{01466C03-DFA6-4BAC-B71F-EA088591EFD3}.Release|ARM.Build.0 = Release|Any CPU
		{01466C03-DFA6-4BAC-B71F-EA088591EFD3}.Release|iPhone.ActiveCfg = Release|Any CPU
		{01466C03-DFA6-4BAC-B71F-EA088591EFD3}.Release|iPhone.Build.0 = Release|Any CPU
		{01466C03-DFA6-4BAC-B71F-EA088591EFD3}.Release|iPhoneSimulator.ActiveCfg = Release|Any CPU
		{01466C03-DFA6-4BAC-B71F-EA088591EFD3}.Release|iPhoneSimulator.Build.0 = Release|Any CPU
		{01466C03-DFA6-4BAC-B71F-EA088591EFD3}.Release|x64.ActiveCfg = Release|Any CPU
		{01466C03-DFA6-4BAC-B71F-EA088591EFD3}.Release|x64.Build.0 = Release|Any CPU
		{01466C03-DFA6-4BAC-B71F-EA088591EFD3}.Release|x86.ActiveCfg = Release|Any CPU
		{01466C03-DFA6-4BAC-B71F-EA088591EFD3}.Release|x86.Build.0 = Release|Any CPU
		{CCBB63A6-EEB8-4200-AD30-6D34F0448055}.Ad-Hoc|Any CPU.ActiveCfg = Debug|Any CPU
		{CCBB63A6-EEB8-4200-AD30-6D34F0448055}.Ad-Hoc|Any CPU.Build.0 = Debug|Any CPU
		{CCBB63A6-EEB8-4200-AD30-6D34F0448055}.Ad-Hoc|ARM.ActiveCfg = Debug|Any CPU
		{CCBB63A6-EEB8-4200-AD30-6D34F0448055}.Ad-Hoc|ARM.Build.0 = Debug|Any CPU
		{CCBB63A6-EEB8-4200-AD30-6D34F0448055}.Ad-Hoc|iPhone.ActiveCfg = Debug|Any CPU
		{CCBB63A6-EEB8-4200-AD30-6D34F0448055}.Ad-Hoc|iPhone.Build.0 = Debug|Any CPU
		{CCBB63A6-EEB8-4200-AD30-6D34F0448055}.Ad-Hoc|iPhoneSimulator.ActiveCfg = Debug|Any CPU
		{CCBB63A6-EEB8-4200-AD30-6D34F0448055}.Ad-Hoc|iPhoneSimulator.Build.0 = Debug|Any CPU
		{CCBB63A6-EEB8-4200-AD30-6D34F0448055}.Ad-Hoc|x64.ActiveCfg = Debug|Any CPU
		{CCBB63A6-EEB8-4200-AD30-6D34F0448055}.Ad-Hoc|x64.Build.0 = Debug|Any CPU
		{CCBB63A6-EEB8-4200-AD30-6D34F0448055}.Ad-Hoc|x86.ActiveCfg = Debug|Any CPU
		{CCBB63A6-EEB8-4200-AD30-6D34F0448055}.Ad-Hoc|x86.Build.0 = Debug|Any CPU
		{CCBB63A6-EEB8-4200-AD30-6D34F0448055}.AppStore|Any CPU.ActiveCfg = Debug|Any CPU
		{CCBB63A6-EEB8-4200-AD30-6D34F0448055}.AppStore|Any CPU.Build.0 = Debug|Any CPU
		{CCBB63A6-EEB8-4200-AD30-6D34F0448055}.AppStore|ARM.ActiveCfg = Debug|Any CPU
		{CCBB63A6-EEB8-4200-AD30-6D34F0448055}.AppStore|ARM.Build.0 = Debug|Any CPU
		{CCBB63A6-EEB8-4200-AD30-6D34F0448055}.AppStore|iPhone.ActiveCfg = Debug|Any CPU
		{CCBB63A6-EEB8-4200-AD30-6D34F0448055}.AppStore|iPhone.Build.0 = Debug|Any CPU
		{CCBB63A6-EEB8-4200-AD30-6D34F0448055}.AppStore|iPhoneSimulator.ActiveCfg = Debug|Any CPU
		{CCBB63A6-EEB8-4200-AD30-6D34F0448055}.AppStore|iPhoneSimulator.Build.0 = Debug|Any CPU
		{CCBB63A6-EEB8-4200-AD30-6D34F0448055}.AppStore|x64.ActiveCfg = Debug|Any CPU
		{CCBB63A6-EEB8-4200-AD30-6D34F0448055}.AppStore|x64.Build.0 = Debug|Any CPU
		{CCBB63A6-EEB8-4200-AD30-6D34F0448055}.AppStore|x86.ActiveCfg = Debug|Any CPU
		{CCBB63A6-EEB8-4200-AD30-6D34F0448055}.AppStore|x86.Build.0 = Debug|Any CPU
		{CCBB63A6-EEB8-4200-AD30-6D34F0448055}.Debug|Any CPU.ActiveCfg = Debug|Any CPU
		{CCBB63A6-EEB8-4200-AD30-6D34F0448055}.Debug|Any CPU.Build.0 = Debug|Any CPU
		{CCBB63A6-EEB8-4200-AD30-6D34F0448055}.Debug|ARM.ActiveCfg = Debug|Any CPU
		{CCBB63A6-EEB8-4200-AD30-6D34F0448055}.Debug|ARM.Build.0 = Debug|Any CPU
		{CCBB63A6-EEB8-4200-AD30-6D34F0448055}.Debug|iPhone.ActiveCfg = Debug|Any CPU
		{CCBB63A6-EEB8-4200-AD30-6D34F0448055}.Debug|iPhone.Build.0 = Debug|Any CPU
		{CCBB63A6-EEB8-4200-AD30-6D34F0448055}.Debug|iPhoneSimulator.ActiveCfg = Debug|Any CPU
		{CCBB63A6-EEB8-4200-AD30-6D34F0448055}.Debug|iPhoneSimulator.Build.0 = Debug|Any CPU
		{CCBB63A6-EEB8-4200-AD30-6D34F0448055}.Debug|x64.ActiveCfg = Debug|Any CPU
		{CCBB63A6-EEB8-4200-AD30-6D34F0448055}.Debug|x64.Build.0 = Debug|Any CPU
		{CCBB63A6-EEB8-4200-AD30-6D34F0448055}.Debug|x86.ActiveCfg = Debug|Any CPU
		{CCBB63A6-EEB8-4200-AD30-6D34F0448055}.Debug|x86.Build.0 = Debug|Any CPU
		{CCBB63A6-EEB8-4200-AD30-6D34F0448055}.Release|Any CPU.ActiveCfg = Release|Any CPU
		{CCBB63A6-EEB8-4200-AD30-6D34F0448055}.Release|Any CPU.Build.0 = Release|Any CPU
		{CCBB63A6-EEB8-4200-AD30-6D34F0448055}.Release|ARM.ActiveCfg = Release|Any CPU
		{CCBB63A6-EEB8-4200-AD30-6D34F0448055}.Release|ARM.Build.0 = Release|Any CPU
		{CCBB63A6-EEB8-4200-AD30-6D34F0448055}.Release|iPhone.ActiveCfg = Release|Any CPU
		{CCBB63A6-EEB8-4200-AD30-6D34F0448055}.Release|iPhone.Build.0 = Release|Any CPU
		{CCBB63A6-EEB8-4200-AD30-6D34F0448055}.Release|iPhoneSimulator.ActiveCfg = Release|Any CPU
		{CCBB63A6-EEB8-4200-AD30-6D34F0448055}.Release|iPhoneSimulator.Build.0 = Release|Any CPU
		{CCBB63A6-EEB8-4200-AD30-6D34F0448055}.Release|x64.ActiveCfg = Release|Any CPU
		{CCBB63A6-EEB8-4200-AD30-6D34F0448055}.Release|x64.Build.0 = Release|Any CPU
		{CCBB63A6-EEB8-4200-AD30-6D34F0448055}.Release|x86.ActiveCfg = Release|Any CPU
		{CCBB63A6-EEB8-4200-AD30-6D34F0448055}.Release|x86.Build.0 = Release|Any CPU
	EndGlobalSection
	GlobalSection(SolutionProperties) = preSolution
		HideSolutionNode = FALSE
	EndGlobalSection
	GlobalSection(ExtensibilityGlobals) = postSolution
		SolutionGuid = {5D5E58DC-1463-40A1-A13C-A12756E54888}
	EndGlobalSection
EndGlobal
